
Microsoft Visual Studio Solution File, Format Version 12.00
# Visual Studio Version 16
VisualStudioVersion = 16.0.30717.126
MinimumVisualStudioVersion = 10.0.40219.1
Project("{FAE04EC0-301F-11D3-BF4B-00C04F79EFBC}") = "Test", "Test\Test.csproj", "{6A41460F-C215-4975-814B-91A425F4488E}"
EndProject
Global
	GlobalSection(SolutionConfigurationPlatforms) = preSolution
		Debug|Any CPU = Debug|Any CPU
		Release|Any CPU = Release|Any CPU
	EndGlobalSection
	GlobalSection(ProjectConfigurationPlatforms) = postSolution
		{6A41460F-C215-4975-814B-91A425F4488E}.Debug|Any CPU.ActiveCfg = Debug|Any CPU
		{6A41460F-C215-4975-814B-91A425F4488E}.Debug|Any CPU.Build.0 = Debug|Any CPU
		{6A41460F-C215-4975-814B-91A425F4488E}.Release|Any CPU.ActiveCfg = Release|Any CPU
		{6A41460F-C215-4975-814B-91A425F4488E}.Release|Any CPU.Build.0 = Release|Any CPU
	EndGlobalSection
	GlobalSection(SolutionProperties) = preSolution
		HideSolutionNode = FALSE
	EndGlobalSection
	GlobalSection(ExtensibilityGlobals) = postSolution
		SolutionGuid = {5C37EC6C-D1EC-406E-AD15-725A7DEF8C8F}
	EndGlobalSection
EndGlobal
